// !$*UTF8*$!
{
	archiveVersion = 1;
	classes = {
	};
	objectVersion = 70;
	objects = {

/* Begin PBXBuildFile section */
		434010492F355B77001D416C /* QuickLookThumbnailing.framework in Frameworks */ = {isa = PBXBuildFile; fileRef = 434010482F355B77001D416C /* QuickLookThumbnailing.framework */; };
		4340104B2F355B77001D416C /* Quartz.framework in Frameworks */ = {isa = PBXBuildFile; fileRef = 4340104A2F355B77001D416C /* Quartz.framework */; };
		434010522F355B77001D416C /* ThumbnailExtension.appex in Embed Foundation Extensions */ = {isa = PBXBuildFile; fileRef = 434010462F355B77001D416C /* ThumbnailExtension.appex */; settings = {ATTRIBUTES = (RemoveHeadersOnCopy, ); }; };
		4340105C2F355C74001D416C /* Quartz.framework in Frameworks */ = {isa = PBXBuildFile; fileRef = 4340104A2F355B77001D416C /* Quartz.framework */; };
		434010682F355C74001D416C /* PreviewExtension.appex in Embed Foundation Extensions */ = {isa = PBXBuildFile; fileRef = 4340105B2F355C74001D416C /* PreviewExtension.appex */; settings = {ATTRIBUTES = (RemoveHeadersOnCopy, ); }; };
		434010782F356030001D416C /* ThorVGSwift in Frameworks */ = {isa = PBXBuildFile; productRef = 434010772F356030001D416C /* ThorVGSwift */; };
		4340107A2F356038001D416C /* ThorVGSwift in Frameworks */ = {isa = PBXBuildFile; productRef = 434010792F356038001D416C /* ThorVGSwift */; };
		A1000001001 /* ThorVGQuickLookApp.swift in Sources */ = {isa = PBXBuildFile; fileRef = A1000001000 /* ThorVGQuickLookApp.swift */; };
		A1000003001 /* Assets.xcassets in Resources */ = {isa = PBXBuildFile; fileRef = A1000003000 /* Assets.xcassets */; };
		A3000001001 /* LottieFileHandler.swift in Sources */ = {isa = PBXBuildFile; fileRef = A3000001000 /* LottieFileHandler.swift */; };
		A3000001002 /* LottieFileHandler.swift in Sources */ = {isa = PBXBuildFile; fileRef = A3000001000 /* LottieFileHandler.swift */; };
		A3000002001 /* LottiePreviewRenderer.swift in Sources */ = {isa = PBXBuildFile; fileRef = A3000002000 /* LottiePreviewRenderer.swift */; };
		A3000002002 /* LottiePreviewRenderer.swift in Sources */ = {isa = PBXBuildFile; fileRef = A3000002000 /* LottiePreviewRenderer.swift */; };
/* End PBXBuildFile section */

/* Begin PBXContainerItemProxy section */
		434010502F355B77001D416C /* PBXContainerItemProxy */ = {
			isa = PBXContainerItemProxy;
			containerPortal = A0000000000 /* Project object */;
			proxyType = 1;
			remoteGlobalIDString = 434010452F355B77001D416C;
			remoteInfo = ThumbnailExtension;
		};
		434010662F355C74001D416C /* PBXContainerItemProxy */ = {
			isa = PBXContainerItemProxy;
			containerPortal = A0000000000 /* Project object */;
			proxyType = 1;
			remoteGlobalIDString = 4340105A2F355C74001D416C;
			remoteInfo = PreviewExtension;
		};
/* End PBXContainerItemProxy section */

/* Begin PBXCopyFilesBuildPhase section */
		A1000010000 /* Embed Foundation Extensions */ = {
			isa = PBXCopyFilesBuildPhase;
			buildActionMask = 2147483647;
			dstPath = "";
			dstSubfolderSpec = 13;
			files = (
				434010522F355B77001D416C /* ThumbnailExtension.appex in Embed Foundation Extensions */,
				434010682F355C74001D416C /* PreviewExtension.appex in Embed Foundation Extensions */,
			);
			name = "Embed Foundation Extensions";
			runOnlyForDeploymentPostprocessing = 0;
		};
/* End PBXCopyFilesBuildPhase section */

/* Begin PBXFileReference section */
		434010462F355B77001D416C /* ThumbnailExtension.appex */ = {isa = PBXFileReference; explicitFileType = "wrapper.app-extension"; includeInIndex = 0; path = ThumbnailExtension.appex; sourceTree = BUILT_PRODUCTS_DIR; };
		434010482F355B77001D416C /* QuickLookThumbnailing.framework */ = {isa = PBXFileReference; lastKnownFileType = wrapper.framework; name = QuickLookThumbnailing.framework; path = System/Library/Frameworks/QuickLookThumbnailing.framework; sourceTree = SDKROOT; };
		4340104A2F355B77001D416C /* Quartz.framework */ = {isa = PBXFileReference; lastKnownFileType = wrapper.framework; name = Quartz.framework; path = System/Library/Frameworks/Quartz.framework; sourceTree = SDKROOT; };
		4340105B2F355C74001D416C /* PreviewExtension.appex */ = {isa = PBXFileReference; explicitFileType = "wrapper.app-extension"; includeInIndex = 0; path = PreviewExtension.appex; sourceTree = BUILT_PRODUCTS_DIR; };
		A1000000000 /* ThorVGQuickLook.app */ = {isa = PBXFileReference; explicitFileType = wrapper.application; includeInIndex = 0; path = ThorVGQuickLook.app; sourceTree = BUILT_PRODUCTS_DIR; };
		A1000001000 /* ThorVGQuickLookApp.swift */ = {isa = PBXFileReference; lastKnownFileType = sourcecode.swift; path = ThorVGQuickLookApp.swift; sourceTree = "<group>"; };
		A1000003000 /* Assets.xcassets */ = {isa = PBXFileReference; lastKnownFileType = folder.assetcatalog; path = Assets.xcassets; sourceTree = "<group>"; };
		A1000005000 /* Info.plist */ = {isa = PBXFileReference; lastKnownFileType = text.plist.xml; path = Info.plist; sourceTree = "<group>"; };
		A1000006000 /* ThorVGQuickLook.entitlements */ = {isa = PBXFileReference; lastKnownFileType = text.plist.entitlements; path = ThorVGQuickLook.entitlements; sourceTree = "<group>"; };
		A2000001000 /* PreviewViewController.swift */ = {isa = PBXFileReference; lastKnownFileType = sourcecode.swift; path = PreviewViewController.swift; sourceTree = "<group>"; };
		A2000002000 /* LottieAnimationView.swift */ = {isa = PBXFileReference; lastKnownFileType = sourcecode.swift; path = LottieAnimationView.swift; sourceTree = "<group>"; };
		A2000003000 /* Info.plist */ = {isa = PBXFileReference; lastKnownFileType = text.plist.xml; path = Info.plist; sourceTree = "<group>"; };
		A2000004000 /* PreviewExtension.entitlements */ = {isa = PBXFileReference; lastKnownFileType = text.plist.entitlements; path = PreviewExtension.entitlements; sourceTree = "<group>"; };
		A3000001000 /* LottieFileHandler.swift */ = {isa = PBXFileReference; lastKnownFileType = sourcecode.swift; path = LottieFileHandler.swift; sourceTree = "<group>"; };
		A3000002000 /* LottiePreviewRenderer.swift */ = {isa = PBXFileReference; lastKnownFileType = sourcecode.swift; path = LottiePreviewRenderer.swift; sourceTree = "<group>"; };
		A4000001000 /* ThumbnailProvider.swift */ = {isa = PBXFileReference; lastKnownFileType = sourcecode.swift; path = ThumbnailProvider.swift; sourceTree = "<group>"; };
		A4000002000 /* Info.plist */ = {isa = PBXFileReference; lastKnownFileType = text.plist.xml; path = Info.plist; sourceTree = "<group>"; };
		A4000003000 /* ThumbnailExtension.entitlements */ = {isa = PBXFileReference; lastKnownFileType = text.plist.entitlements; path = ThumbnailExtension.entitlements; sourceTree = "<group>"; };
/* End PBXFileReference section */

/* Begin PBXFileSystemSynchronizedBuildFileExceptionSet section */
		434010532F355B77001D416C /* PBXFileSystemSynchronizedBuildFileExceptionSet */ = {
			isa = PBXFileSystemSynchronizedBuildFileExceptionSet;
			membershipExceptions = (
				Info.plist,
			);
			target = 434010452F355B77001D416C /* ThumbnailExtension */;
		};
		434010692F355C74001D416C /* PBXFileSystemSynchronizedBuildFileExceptionSet */ = {
			isa = PBXFileSystemSynchronizedBuildFileExceptionSet;
			membershipExceptions = (
				Info.plist,
			);
			target = 4340105A2F355C74001D416C /* PreviewExtension */;
		};
/* End PBXFileSystemSynchronizedBuildFileExceptionSet section */

/* Begin PBXFileSystemSynchronizedRootGroup section */
		4340104C2F355B77001D416C /* ThumbnailExtension */ = {isa = PBXFileSystemSynchronizedRootGroup; exceptions = (434010532F355B77001D416C /* PBXFileSystemSynchronizedBuildFileExceptionSet */, ); explicitFileTypes = {}; explicitFolders = (); path = ThumbnailExtension; sourceTree = "<group>"; };
		4340105D2F355C74001D416C /* PreviewExtension */ = {isa = PBXFileSystemSynchronizedRootGroup; exceptions = (434010692F355C74001D416C /* PBXFileSystemSynchronizedBuildFileExceptionSet */, ); explicitFileTypes = {}; explicitFolders = (); path = PreviewExtension; sourceTree = "<group>"; };
/* End PBXFileSystemSynchronizedRootGroup section */

/* Begin PBXFrameworksBuildPhase section */
		434010432F355B77001D416C /* Frameworks */ = {
			isa = PBXFrameworksBuildPhase;
			buildActionMask = 2147483647;
			files = (
				4340107A2F356038001D416C /* ThorVGSwift in Frameworks */,
				434010492F355B77001D416C /* QuickLookThumbnailing.framework in Frameworks */,
				4340104B2F355B77001D416C /* Quartz.framework in Frameworks */,
			);
			runOnlyForDeploymentPostprocessing = 0;
		};
		434010582F355C74001D416C /* Frameworks */ = {
			isa = PBXFrameworksBuildPhase;
			buildActionMask = 2147483647;
			files = (
				434010782F356030001D416C /* ThorVGSwift in Frameworks */,
				4340105C2F355C74001D416C /* Quartz.framework in Frameworks */,
			);
			runOnlyForDeploymentPostprocessing = 0;
		};
		A1000020000 /* Frameworks */ = {
			isa = PBXFrameworksBuildPhase;
			buildActionMask = 2147483647;
			files = (
			);
			runOnlyForDeploymentPostprocessing = 0;
		};
/* End PBXFrameworksBuildPhase section */

/* Begin PBXGroup section */
		434010472F355B77001D416C /* Frameworks */ = {
			isa = PBXGroup;
			children = (
				434010482F355B77001D416C /* QuickLookThumbnailing.framework */,
				4340104A2F355B77001D416C /* Quartz.framework */,
			);
			name = Frameworks;
			sourceTree = "<group>";
		};
		A0000001000 = {
			isa = PBXGroup;
			children = (
				A1000100000 /* ThorVGQuickLook */,
				A2000100000 /* PreviewExtension */,
				A4000100000 /* ThumbnailExtension */,
				A3000100000 /* Shared */,
				4340104C2F355B77001D416C /* ThumbnailExtension */,
				4340105D2F355C74001D416C /* PreviewExtension */,
				434010472F355B77001D416C /* Frameworks */,
				A0000002000 /* Products */,
			);
			sourceTree = "<group>";
		};
		A0000002000 /* Products */ = {
			isa = PBXGroup;
			children = (
				A1000000000 /* ThorVGQuickLook.app */,
				434010462F355B77001D416C /* ThumbnailExtension.appex */,
				4340105B2F355C74001D416C /* PreviewExtension.appex */,
			);
			name = Products;
			sourceTree = "<group>";
		};
		A1000100000 /* ThorVGQuickLook */ = {
			isa = PBXGroup;
			children = (
				A1000001000 /* ThorVGQuickLookApp.swift */,
				A1000003000 /* Assets.xcassets */,
				A1000005000 /* Info.plist */,
				A1000006000 /* ThorVGQuickLook.entitlements */,
			);
			path = ThorVGQuickLook;
			sourceTree = "<group>";
		};
		A2000100000 /* PreviewExtension */ = {
			isa = PBXGroup;
			children = (
				A2000001000 /* PreviewViewController.swift */,
				A2000002000 /* LottieAnimationView.swift */,
				A2000003000 /* Info.plist */,
				A2000004000 /* PreviewExtension.entitlements */,
			);
			path = PreviewExtension;
			sourceTree = "<group>";
		};
		A3000100000 /* Shared */ = {
			isa = PBXGroup;
			children = (
				A3000001000 /* LottieFileHandler.swift */,
				A3000002000 /* LottiePreviewRenderer.swift */,
			);
			path = Shared;
			sourceTree = "<group>";
		};
		A4000100000 /* ThumbnailExtension */ = {
			isa = PBXGroup;
			children = (
				A4000001000 /* ThumbnailProvider.swift */,
				A4000002000 /* Info.plist */,
				A4000003000 /* ThumbnailExtension.entitlements */,
			);
			path = ThumbnailExtension;
			sourceTree = "<group>";
		};
/* End PBXGroup section */

/* Begin PBXNativeTarget section */
		434010452F355B77001D416C /* ThumbnailExtension */ = {
			isa = PBXNativeTarget;
			buildConfigurationList = 434010542F355B77001D416C /* Build configuration list for PBXNativeTarget "ThumbnailExtension" */;
			buildPhases = (
				434010422F355B77001D416C /* Sources */,
				434010432F355B77001D416C /* Frameworks */,
				434010442F355B77001D416C /* Resources */,
			);
			buildRules = (
			);
			dependencies = (
			);
			fileSystemSynchronizedGroups = (
				4340104C2F355B77001D416C /* ThumbnailExtension */,
			);
			name = ThumbnailExtension;
			packageProductDependencies = (
				434010792F356038001D416C /* ThorVGSwift */,
			);
			productName = ThumbnailExtension;
			productReference = 434010462F355B77001D416C /* ThumbnailExtension.appex */;
			productType = "com.apple.product-type.app-extension";
		};
		4340105A2F355C74001D416C /* PreviewExtension */ = {
			isa = PBXNativeTarget;
			buildConfigurationList = 4340106A2F355C74001D416C /* Build configuration list for PBXNativeTarget "PreviewExtension" */;
			buildPhases = (
				434010572F355C74001D416C /* Sources */,
				434010582F355C74001D416C /* Frameworks */,
				434010592F355C74001D416C /* Resources */,
			);
			buildRules = (
			);
			dependencies = (
			);
			fileSystemSynchronizedGroups = (
				4340105D2F355C74001D416C /* PreviewExtension */,
			);
			name = PreviewExtension;
			packageProductDependencies = (
				434010772F356030001D416C /* ThorVGSwift */,
			);
			productName = PreviewExtension;
			productReference = 4340105B2F355C74001D416C /* PreviewExtension.appex */;
			productType = "com.apple.product-type.app-extension";
		};
		A1000000001 /* ThorVGQuickLook */ = {
			isa = PBXNativeTarget;
			buildConfigurationList = A1000030000 /* Build configuration list for PBXNativeTarget "ThorVGQuickLook" */;
			buildPhases = (
				A1000021000 /* Sources */,
				A1000020000 /* Frameworks */,
				A1000022000 /* Resources */,
				A1000010000 /* Embed Foundation Extensions */,
			);
			buildRules = (
			);
			dependencies = (
				434010512F355B77001D416C /* PBXTargetDependency */,
				434010672F355C74001D416C /* PBXTargetDependency */,
			);
			name = ThorVGQuickLook;
			packageProductDependencies = (
			);
			productName = ThorVGQuickLook;
			productReference = A1000000000 /* ThorVGQuickLook.app */;
			productType = "com.apple.product-type.application";
		};
/* End PBXNativeTarget section */

/* Begin PBXProject section */
		A0000000000 /* Project object */ = {
			isa = PBXProject;
			attributes = {
				BuildIndependentTargetsInParallel = 1;
				LastSwiftUpdateCheck = 2620;
				LastUpgradeCheck = 2620;
				TargetAttributes = {
					434010452F355B77001D416C = {
						CreatedOnToolsVersion = 26.2;
					};
					4340105A2F355C74001D416C = {
						CreatedOnToolsVersion = 26.2;
					};
					A1000000001 = {
						CreatedOnToolsVersion = 15.0;
					};
				};
			};
			buildConfigurationList = A0000010000 /* Build configuration list for PBXProject "ThorVGQuickLook" */;
			compatibilityVersion = "Xcode 14.0";
			developmentRegion = en;
			hasScannedForEncodings = 0;
			knownRegions = (
				en,
				Base,
			);
			mainGroup = A0000001000;
			packageReferences = (
				A5000001000 /* XCRemoteSwiftPackageReference "thorvg" */,
			);
			productRefGroup = A0000002000 /* Products */;
			projectDirPath = "";
			projectRoot = "";
			targets = (
				A1000000001 /* ThorVGQuickLook */,
				434010452F355B77001D416C /* ThumbnailExtension */,
				4340105A2F355C74001D416C /* PreviewExtension */,
			);
		};
/* End PBXProject section */

/* Begin PBXResourcesBuildPhase section */
		434010442F355B77001D416C /* Resources */ = {
			isa = PBXResourcesBuildPhase;
			buildActionMask = 2147483647;
			files = (
			);
			runOnlyForDeploymentPostprocessing = 0;
		};
		434010592F355C74001D416C /* Resources */ = {
			isa = PBXResourcesBuildPhase;
			buildActionMask = 2147483647;
			files = (
			);
			runOnlyForDeploymentPostprocessing = 0;
		};
		A1000022000 /* Resources */ = {
			isa = PBXResourcesBuildPhase;
			buildActionMask = 2147483647;
			files = (
				A1000003001 /* Assets.xcassets in Resources */,
			);
			runOnlyForDeploymentPostprocessing = 0;
		};
/* End PBXResourcesBuildPhase section */

/* Begin PBXSourcesBuildPhase section */
		434010422F355B77001D416C /* Sources */ = {
			isa = PBXSourcesBuildPhase;
			buildActionMask = 2147483647;
			files = (
				A3000001001 /* LottieFileHandler.swift in Sources */,
				A3000002001 /* LottiePreviewRenderer.swift in Sources */,
			);
			runOnlyForDeploymentPostprocessing = 0;
		};
		434010572F355C74001D416C /* Sources */ = {
			isa = PBXSourcesBuildPhase;
			buildActionMask = 2147483647;
			files = (
				A3000001002 /* LottieFileHandler.swift in Sources */,
				A3000002002 /* LottiePreviewRenderer.swift in Sources */,
			);
			runOnlyForDeploymentPostprocessing = 0;
		};
		A1000021000 /* Sources */ = {
			isa = PBXSourcesBuildPhase;
			buildActionMask = 2147483647;
			files = (
				A1000001001 /* ThorVGQuickLookApp.swift in Sources */,
			);
			runOnlyForDeploymentPostprocessing = 0;
		};
/* End PBXSourcesBuildPhase section */

/* Begin PBXTargetDependency section */
		434010512F355B77001D416C /* PBXTargetDependency */ = {
			isa = PBXTargetDependency;
			target = 434010452F355B77001D416C /* ThumbnailExtension */;
			targetProxy = 434010502F355B77001D416C /* PBXContainerItemProxy */;
		};
		434010672F355C74001D416C /* PBXTargetDependency */ = {
			isa = PBXTargetDependency;
			target = 4340105A2F355C74001D416C /* PreviewExtension */;
			targetProxy = 434010662F355C74001D416C /* PBXContainerItemProxy */;
		};
/* End PBXTargetDependency section */

/* Begin XCBuildConfiguration section */
		434010552F355B77001D416C /* Debug */ = {
			isa = XCBuildConfiguration;
			buildSettings = {
				CODE_SIGN_STYLE = Automatic;
				CURRENT_PROJECT_VERSION = 1;
				DEVELOPMENT_TEAM = 437FP42YGC;
				ENABLE_APP_SANDBOX = YES;
				ENABLE_HARDENED_RUNTIME = YES;
				ENABLE_USER_SELECTED_FILES = readonly;
				GENERATE_INFOPLIST_FILE = YES;
				INFOPLIST_FILE = ThumbnailExtension/Info.plist;
				INFOPLIST_KEY_CFBundleDisplayName = ThumbnailExtension;
				INFOPLIST_KEY_NSHumanReadableCopyright = "";
				LD_RUNPATH_SEARCH_PATHS = (
					"$(inherited)",
					"@executable_path/../Frameworks",
					"@executable_path/../../../../Frameworks",
				);
				MACOSX_DEPLOYMENT_TARGET = 11;
				MARKETING_VERSION = 1.0;
				PRODUCT_BUNDLE_IDENTIFIER = com.thorvg.quicklook.thumbnail;
				PRODUCT_NAME = "$(TARGET_NAME)";
				SKIP_INSTALL = YES;
				STRING_CATALOG_GENERATE_SYMBOLS = YES;
				SWIFT_APPROACHABLE_CONCURRENCY = YES;
				SWIFT_EMIT_LOC_STRINGS = YES;
				SWIFT_UPCOMING_FEATURE_MEMBER_IMPORT_VISIBILITY = YES;
				SWIFT_VERSION = 5.0;
			};
			name = Debug;
		};
		434010562F355B77001D416C /* Release */ = {
			isa = XCBuildConfiguration;
			buildSettings = {
				CODE_SIGN_STYLE = Automatic;
				CURRENT_PROJECT_VERSION = 1;
				DEVELOPMENT_TEAM = 437FP42YGC;
				ENABLE_APP_SANDBOX = YES;
				ENABLE_HARDENED_RUNTIME = YES;
				ENABLE_USER_SELECTED_FILES = readonly;
				GENERATE_INFOPLIST_FILE = YES;
				INFOPLIST_FILE = ThumbnailExtension/Info.plist;
				INFOPLIST_KEY_CFBundleDisplayName = ThumbnailExtension;
				INFOPLIST_KEY_NSHumanReadableCopyright = "";
				LD_RUNPATH_SEARCH_PATHS = (
					"$(inherited)",
					"@executable_path/../Frameworks",
					"@executable_path/../../../../Frameworks",
				);
				MACOSX_DEPLOYMENT_TARGET = 11;
				MARKETING_VERSION = 1.0;
				PRODUCT_BUNDLE_IDENTIFIER = com.thorvg.quicklook.thumbnail;
				PRODUCT_NAME = "$(TARGET_NAME)";
				SKIP_INSTALL = YES;
				STRING_CATALOG_GENERATE_SYMBOLS = YES;
				SWIFT_APPROACHABLE_CONCURRENCY = YES;
				SWIFT_EMIT_LOC_STRINGS = YES;
				SWIFT_UPCOMING_FEATURE_MEMBER_IMPORT_VISIBILITY = YES;
				SWIFT_VERSION = 5.0;
			};
			name = Release;
		};
		4340106B2F355C74001D416C /* Debug */ = {
			isa = XCBuildConfiguration;
			buildSettings = {
				CODE_SIGN_STYLE = Automatic;
				CURRENT_PROJECT_VERSION = 1;
				DEVELOPMENT_TEAM = 437FP42YGC;
				ENABLE_APP_SANDBOX = YES;
				ENABLE_HARDENED_RUNTIME = YES;
				ENABLE_USER_SELECTED_FILES = readonly;
				GENERATE_INFOPLIST_FILE = YES;
				INFOPLIST_FILE = PreviewExtension/Info.plist;
				INFOPLIST_KEY_CFBundleDisplayName = PreviewExtension;
				INFOPLIST_KEY_NSHumanReadableCopyright = "";
				LD_RUNPATH_SEARCH_PATHS = (
					"$(inherited)",
					"@executable_path/../Frameworks",
					"@executable_path/../../../../Frameworks",
				);
				MACOSX_DEPLOYMENT_TARGET = 11;
				MARKETING_VERSION = 1.0;
				PRODUCT_BUNDLE_IDENTIFIER = com.thorvg.quicklook.preview;
				PRODUCT_NAME = "$(TARGET_NAME)";
				SKIP_INSTALL = YES;
				STRING_CATALOG_GENERATE_SYMBOLS = YES;
				SWIFT_APPROACHABLE_CONCURRENCY = YES;
				SWIFT_EMIT_LOC_STRINGS = YES;
				SWIFT_UPCOMING_FEATURE_MEMBER_IMPORT_VISIBILITY = YES;
				SWIFT_VERSION = 5.0;
			};
			name = Debug;
		};
		4340106C2F355C74001D416C /* Release */ = {
			isa = XCBuildConfiguration;
			buildSettings = {
				CODE_SIGN_STYLE = Automatic;
				CURRENT_PROJECT_VERSION = 1;
				DEVELOPMENT_TEAM = 437FP42YGC;
				ENABLE_APP_SANDBOX = YES;
				ENABLE_HARDENED_RUNTIME = YES;
				ENABLE_USER_SELECTED_FILES = readonly;
				GENERATE_INFOPLIST_FILE = YES;
				INFOPLIST_FILE = PreviewExtension/Info.plist;
				INFOPLIST_KEY_CFBundleDisplayName = PreviewExtension;
				INFOPLIST_KEY_NSHumanReadableCopyright = "";
				LD_RUNPATH_SEARCH_PATHS = (
					"$(inherited)",
					"@executable_path/../Frameworks",
					"@executable_path/../../../../Frameworks",
				);
				MACOSX_DEPLOYMENT_TARGET = 11;
				MARKETING_VERSION = 1.0;
				PRODUCT_BUNDLE_IDENTIFIER = com.thorvg.quicklook.preview;
				PRODUCT_NAME = "$(TARGET_NAME)";
				SKIP_INSTALL = YES;
				STRING_CATALOG_GENERATE_SYMBOLS = YES;
				SWIFT_APPROACHABLE_CONCURRENCY = YES;
				SWIFT_EMIT_LOC_STRINGS = YES;
				SWIFT_UPCOMING_FEATURE_MEMBER_IMPORT_VISIBILITY = YES;
				SWIFT_VERSION = 5.0;
			};
			name = Release;
		};
		A0000011000 /* Debug */ = {
			isa = XCBuildConfiguration;
			buildSettings = {
				ALWAYS_SEARCH_USER_PATHS = NO;
				ASSETCATALOG_COMPILER_GENERATE_SWIFT_ASSET_SYMBOL_EXTENSIONS = YES;
				CLANG_ANALYZER_NONNULL = YES;
				CLANG_ANALYZER_NUMBER_OBJECT_CONVERSION = YES_AGGRESSIVE;
				CLANG_CXX_LANGUAGE_STANDARD = "gnu++20";
				CLANG_ENABLE_MODULES = YES;
				CLANG_ENABLE_OBJC_ARC = YES;
				CLANG_ENABLE_OBJC_WEAK = YES;
				CLANG_WARN_BLOCK_CAPTURE_AUTORELEASING = YES;
				CLANG_WARN_BOOL_CONVERSION = YES;
				CLANG_WARN_COMMA = YES;
				CLANG_WARN_CONSTANT_CONVERSION = YES;
				CLANG_WARN_DEPRECATED_OBJC_IMPLEMENTATIONS = YES;
				CLANG_WARN_DIRECT_OBJC_ISA_USAGE = YES_ERROR;
				CLANG_WARN_DOCUMENTATION_COMMENTS = YES;
				CLANG_WARN_EMPTY_BODY = YES;
				CLANG_WARN_ENUM_CONVERSION = YES;
				CLANG_WARN_INFINITE_RECURSION = YES;
				CLANG_WARN_INT_CONVERSION = YES;
				CLANG_WARN_NON_LITERAL_NULL_CONVERSION = YES;
				CLANG_WARN_OBJC_IMPLICIT_RETAIN_SELF = YES;
				CLANG_WARN_OBJC_LITERAL_CONVERSION = YES;
				CLANG_WARN_OBJC_ROOT_CLASS = YES_ERROR;
				CLANG_WARN_QUOTED_INCLUDE_IN_FRAMEWORK_HEADER = YES;
				CLANG_WARN_RANGE_LOOP_ANALYSIS = YES;
				CLANG_WARN_STRICT_PROTOTYPES = YES;
				CLANG_WARN_SUSPICIOUS_MOVE = YES;
				CLANG_WARN_UNGUARDED_AVAILABILITY = YES_AGGRESSIVE;
				CLANG_WARN_UNREACHABLE_CODE = YES;
				CLANG_WARN__DUPLICATE_METHOD_MATCH = YES;
				COPY_PHASE_STRIP = NO;
				DEAD_CODE_STRIPPING = YES;
				DEBUG_INFORMATION_FORMAT = dwarf;
				ENABLE_STRICT_OBJC_MSGSEND = YES;
				ENABLE_TESTABILITY = YES;
				ENABLE_USER_SCRIPT_SANDBOXING = YES;
				GCC_C_LANGUAGE_STANDARD = gnu17;
				GCC_DYNAMIC_NO_PIC = NO;
				GCC_NO_COMMON_BLOCKS = YES;
				GCC_OPTIMIZATION_LEVEL = 0;
				GCC_PREPROCESSOR_DEFINITIONS = (
					"DEBUG=1",
					"$(inherited)",
				);
				GCC_WARN_64_TO_32_BIT_CONVERSION = YES;
				GCC_WARN_ABOUT_RETURN_TYPE = YES_ERROR;
				GCC_WARN_UNDECLARED_SELECTOR = YES;
				GCC_WARN_UNINITIALIZED_AUTOS = YES_AGGRESSIVE;
				GCC_WARN_UNUSED_FUNCTION = YES;
				GCC_WARN_UNUSED_VARIABLE = YES;
				LOCALIZATION_PREFERS_STRING_CATALOGS = YES;
				MACOSX_DEPLOYMENT_TARGET = 10.15;
				MTL_ENABLE_DEBUG_INFO = INCLUDE_SOURCE;
				MTL_FAST_MATH = YES;
				ONLY_ACTIVE_ARCH = YES;
				SDKROOT = macosx;
				STRING_CATALOG_GENERATE_SYMBOLS = YES;
				SWIFT_ACTIVE_COMPILATION_CONDITIONS = "DEBUG $(inherited)";
				SWIFT_OPTIMIZATION_LEVEL = "-Onone";
			};
			name = Debug;
		};
		A0000012000 /* Release */ = {
			isa = XCBuildConfiguration;
			buildSettings = {
				ALWAYS_SEARCH_USER_PATHS = NO;
				ASSETCATALOG_COMPILER_GENERATE_SWIFT_ASSET_SYMBOL_EXTENSIONS = YES;
				CLANG_ANALYZER_NONNULL = YES;
				CLANG_ANALYZER_NUMBER_OBJECT_CONVERSION = YES_AGGRESSIVE;
				CLANG_CXX_LANGUAGE_STANDARD = "gnu++20";
				CLANG_ENABLE_MODULES = YES;
				CLANG_ENABLE_OBJC_ARC = YES;
				CLANG_ENABLE_OBJC_WEAK = YES;
				CLANG_WARN_BLOCK_CAPTURE_AUTORELEASING = YES;
				CLANG_WARN_BOOL_CONVERSION = YES;
				CLANG_WARN_COMMA = YES;
				CLANG_WARN_CONSTANT_CONVERSION = YES;
				CLANG_WARN_DEPRECATED_OBJC_IMPLEMENTATIONS = YES;
				CLANG_WARN_DIRECT_OBJC_ISA_USAGE = YES_ERROR;
				CLANG_WARN_DOCUMENTATION_COMMENTS = YES;
				CLANG_WARN_EMPTY_BODY = YES;
				CLANG_WARN_ENUM_CONVERSION = YES;
				CLANG_WARN_INFINITE_RECURSION = YES;
				CLANG_WARN_INT_CONVERSION = YES;
				CLANG_WARN_NON_LITERAL_NULL_CONVERSION = YES;
				CLANG_WARN_OBJC_IMPLICIT_RETAIN_SELF = YES;
				CLANG_WARN_OBJC_LITERAL_CONVERSION = YES;
				CLANG_WARN_OBJC_ROOT_CLASS = YES_ERROR;
				CLANG_WARN_QUOTED_INCLUDE_IN_FRAMEWORK_HEADER = YES;
				CLANG_WARN_RANGE_LOOP_ANALYSIS = YES;
				CLANG_WARN_STRICT_PROTOTYPES = YES;
				CLANG_WARN_SUSPICIOUS_MOVE = YES;
				CLANG_WARN_UNGUARDED_AVAILABILITY = YES_AGGRESSIVE;
				CLANG_WARN_UNREACHABLE_CODE = YES;
				CLANG_WARN__DUPLICATE_METHOD_MATCH = YES;
				COPY_PHASE_STRIP = NO;
				DEAD_CODE_STRIPPING = YES;
				DEBUG_INFORMATION_FORMAT = "dwarf-with-dsym";
				ENABLE_NS_ASSERTIONS = NO;
				ENABLE_STRICT_OBJC_MSGSEND = YES;
				ENABLE_USER_SCRIPT_SANDBOXING = YES;
				GCC_C_LANGUAGE_STANDARD = gnu17;
				GCC_NO_COMMON_BLOCKS = YES;
				GCC_WARN_64_TO_32_BIT_CONVERSION = YES;
				GCC_WARN_ABOUT_RETURN_TYPE = YES_ERROR;
				GCC_WARN_UNDECLARED_SELECTOR = YES;
				GCC_WARN_UNINITIALIZED_AUTOS = YES_AGGRESSIVE;
				GCC_WARN_UNUSED_FUNCTION = YES;
				GCC_WARN_UNUSED_VARIABLE = YES;
				LOCALIZATION_PREFERS_STRING_CATALOGS = YES;
				MACOSX_DEPLOYMENT_TARGET = 10.15;
				MTL_ENABLE_DEBUG_INFO = NO;
				MTL_FAST_MATH = YES;
				SDKROOT = macosx;
				STRING_CATALOG_GENERATE_SYMBOLS = YES;
				SWIFT_COMPILATION_MODE = wholemodule;
			};
			name = Release;
		};
		A1000031000 /* Debug */ = {
			isa = XCBuildConfiguration;
			buildSettings = {
				ASSETCATALOG_COMPILER_APPICON_NAME = AppIcon;
				ASSETCATALOG_COMPILER_GLOBAL_ACCENT_COLOR_NAME = AccentColor;
				AUTOMATION_APPLE_EVENTS = NO;
				CODE_SIGN_ENTITLEMENTS = ThorVGQuickLook/ThorVGQuickLook.entitlements;
				"CODE_SIGN_IDENTITY[sdk=macosx*]" = "Apple Development";
				CODE_SIGN_STYLE = Automatic;
				COMBINE_HIDPI_IMAGES = YES;
				CURRENT_PROJECT_VERSION = 1;
				DEAD_CODE_STRIPPING = YES;
				DEVELOPMENT_ASSET_PATHS = "";
				DEVELOPMENT_TEAM = 437FP42YGC;
				ENABLE_APP_SANDBOX = NO;
				ENABLE_HARDENED_RUNTIME = YES;
				ENABLE_PREVIEWS = YES;
				ENABLE_RESOURCE_ACCESS_PHOTO_LIBRARY = NO;
				GENERATE_INFOPLIST_FILE = YES;
				INFOPLIST_FILE = ThorVGQuickLook/Info.plist;
				INFOPLIST_KEY_LSApplicationCategoryType = "public.app-category.utilities";
				INFOPLIST_KEY_NSHumanReadableCopyright = "";
				LD_RUNPATH_SEARCH_PATHS = (
					"$(inherited)",
					"@executable_path/../Frameworks",
				);
				MACOSX_DEPLOYMENT_TARGET = 11;
				MARKETING_VERSION = 1.0;
				PRODUCT_BUNDLE_IDENTIFIER = com.thorvg.quicklook;
				PRODUCT_NAME = "$(TARGET_NAME)";
				RUNTIME_EXCEPTION_ALLOW_DYLD_ENVIRONMENT_VARIABLES = NO;
				RUNTIME_EXCEPTION_ALLOW_JIT = NO;
				RUNTIME_EXCEPTION_ALLOW_UNSIGNED_EXECUTABLE_MEMORY = NO;
				RUNTIME_EXCEPTION_DEBUGGING_TOOL = NO;
				RUNTIME_EXCEPTION_DISABLE_EXECUTABLE_PAGE_PROTECTION = NO;
				RUNTIME_EXCEPTION_DISABLE_LIBRARY_VALIDATION = NO;
				SWIFT_EMIT_LOC_STRINGS = YES;
				SWIFT_VERSION = 5.0;
			};
			name = Debug;
		};
		A1000032000 /* Release */ = {
			isa = XCBuildConfiguration;
			buildSettings = {
				ASSETCATALOG_COMPILER_APPICON_NAME = AppIcon;
				ASSETCATALOG_COMPILER_GLOBAL_ACCENT_COLOR_NAME = AccentColor;
				AUTOMATION_APPLE_EVENTS = NO;
				CODE_SIGN_ENTITLEMENTS = ThorVGQuickLook/ThorVGQuickLook.entitlements;
				"CODE_SIGN_IDENTITY[sdk=macosx*]" = "Apple Development";
				CODE_SIGN_STYLE = Automatic;
				COMBINE_HIDPI_IMAGES = YES;
				CURRENT_PROJECT_VERSION = 1;
				DEAD_CODE_STRIPPING = YES;
				DEVELOPMENT_ASSET_PATHS = "";
				DEVELOPMENT_TEAM = 437FP42YGC;
				ENABLE_APP_SANDBOX = NO;
				ENABLE_HARDENED_RUNTIME = YES;
				ENABLE_PREVIEWS = YES;
				ENABLE_RESOURCE_ACCESS_PHOTO_LIBRARY = NO;
				GENERATE_INFOPLIST_FILE = YES;
				INFOPLIST_FILE = ThorVGQuickLook/Info.plist;
				INFOPLIST_KEY_LSApplicationCategoryType = "public.app-category.utilities";
				INFOPLIST_KEY_NSHumanReadableCopyright = "";
				LD_RUNPATH_SEARCH_PATHS = (
					"$(inherited)",
					"@executable_path/../Frameworks",
				);
				MACOSX_DEPLOYMENT_TARGET = 11;
				MARKETING_VERSION = 1.0;
				PRODUCT_BUNDLE_IDENTIFIER = com.thorvg.quicklook;
				PRODUCT_NAME = "$(TARGET_NAME)";
				RUNTIME_EXCEPTION_ALLOW_DYLD_ENVIRONMENT_VARIABLES = NO;
				RUNTIME_EXCEPTION_ALLOW_JIT = NO;
				RUNTIME_EXCEPTION_ALLOW_UNSIGNED_EXECUTABLE_MEMORY = NO;
				RUNTIME_EXCEPTION_DEBUGGING_TOOL = NO;
				RUNTIME_EXCEPTION_DISABLE_EXECUTABLE_PAGE_PROTECTION = NO;
				RUNTIME_EXCEPTION_DISABLE_LIBRARY_VALIDATION = NO;
				SWIFT_EMIT_LOC_STRINGS = YES;
				SWIFT_VERSION = 5.0;
			};
			name = Release;
		};
/* End XCBuildConfiguration section */

/* Begin XCConfigurationList section */
		434010542F355B77001D416C /* Build configuration list for PBXNativeTarget "ThumbnailExtension" */ = {
			isa = XCConfigurationList;
			buildConfigurations = (
				434010552F355B77001D416C /* Debug */,
				434010562F355B77001D416C /* Release */,
			);
			defaultConfigurationIsVisible = 0;
			defaultConfigurationName = Release;
		};
		4340106A2F355C74001D416C /* Build configuration list for PBXNativeTarget "PreviewExtension" */ = {
			isa = XCConfigurationList;
			buildConfigurations = (
				4340106B2F355C74001D416C /* Debug */,
				4340106C2F355C74001D416C /* Release */,
			);
			defaultConfigurationIsVisible = 0;
			defaultConfigurationName = Release;
		};
		A0000010000 /* Build configuration list for PBXProject "ThorVGQuickLook" */ = {
			isa = XCConfigurationList;
			buildConfigurations = (
				A0000011000 /* Debug */,
				A0000012000 /* Release */,
			);
			defaultConfigurationIsVisible = 0;
			defaultConfigurationName = Release;
		};
		A1000030000 /* Build configuration list for PBXNativeTarget "ThorVGQuickLook" */ = {
			isa = XCConfigurationList;
			buildConfigurations = (
				A1000031000 /* Debug */,
				A1000032000 /* Release */,
			);
			defaultConfigurationIsVisible = 0;
			defaultConfigurationName = Release;
		};
/* End XCConfigurationList section */

/* Begin XCRemoteSwiftPackageReference section */
		A5000001000 /* XCRemoteSwiftPackageReference "thorvg" */ = {
			isa = XCRemoteSwiftPackageReference;
			repositoryURL = "https://github.com/thorvg/thorvg.swift";
			requirement = {
				kind = upToNextMajorVersion;
				minimumVersion = 0.1.0;
			};
		};
/* End XCRemoteSwiftPackageReference section */

/* Begin XCSwiftPackageProductDependency section */
		434010772F356030001D416C /* ThorVGSwift */ = {
			isa = XCSwiftPackageProductDependency;
			package = A5000001000 /* XCRemoteSwiftPackageReference "thorvg" */;
			productName = ThorVGSwift;
		};
		434010792F356038001D416C /* ThorVGSwift */ = {
			isa = XCSwiftPackageProductDependency;
			package = A5000001000 /* XCRemoteSwiftPackageReference "thorvg" */;
			productName = ThorVGSwift;
		};
/* End XCSwiftPackageProductDependency section */
	};
	rootObject = A0000000000 /* Project object */;
}
